// !$*UTF8*$!
{
	archiveVersion = 1;
	classes = {
	};
	objectVersion = 56;
	objects = {

/* Begin PBXBuildFile section */
		4E1599BC29B78EA50020A0C5 /* LICENSE.txt in Resources */ = {isa = PBXBuildFile; fileRef = 4E1599BB29B78EA50020A0C5 /* LICENSE.txt */; };
		4E25583E29B22F41001C4C47 /* JMDictionaryApp.swift in Sources */ = {isa = PBXBuildFile; fileRef = 4E25583D29B22F41001C4C47 /* JMDictionaryApp.swift */; };
		4E25584029B22F41001C4C47 /* ContentView.swift in Sources */ = {isa = PBXBuildFile; fileRef = 4E25583F29B22F41001C4C47 /* ContentView.swift */; };
		4E25584229B22F43001C4C47 /* Assets.xcassets in Resources */ = {isa = PBXBuildFile; fileRef = 4E25584129B22F43001C4C47 /* Assets.xcassets */; };
		4E25584529B22F43001C4C47 /* Preview Assets.xcassets in Resources */ = {isa = PBXBuildFile; fileRef = 4E25584429B22F43001C4C47 /* Preview Assets.xcassets */; };
		4E7C507A2A5486D400B24E80 /* Localizable.strings in Resources */ = {isa = PBXBuildFile; fileRef = 4E7C507C2A5486D400B24E80 /* Localizable.strings */; };
		4E7C50812A548A6400B24E80 /* AwardsView.swift in Sources */ = {isa = PBXBuildFile; fileRef = 4E7C50802A548A6400B24E80 /* AwardsView.swift */; };
		4E7C50842A548A8400B24E80 /* Award.swift in Sources */ = {isa = PBXBuildFile; fileRef = 4E7C50832A548A8400B24E80 /* Award.swift */; };
		4E7C50862A548E2600B24E80 /* Localizable.stringsdict in Resources */ = {isa = PBXBuildFile; fileRef = 4E7C50852A548E2600B24E80 /* Localizable.stringsdict */; };
		4E7C50892A54909E00B24E80 /* Awards.json in Resources */ = {isa = PBXBuildFile; fileRef = 4E7C508B2A54909E00B24E80 /* Awards.json */; };
		4E7C508E2A54924B00B24E80 /* Bundle-Decodable.swift in Sources */ = {isa = PBXBuildFile; fileRef = 4E7C508D2A54924B00B24E80 /* Bundle-Decodable.swift */; };
		4E7C50902A54969500B24E80 /* BlurView.swift in Sources */ = {isa = PBXBuildFile; fileRef = 4E7C508F2A54969500B24E80 /* BlurView.swift */; };
		4E7CD73429B669E100E46374 /* DictView.swift in Sources */ = {isa = PBXBuildFile; fileRef = 4E7CD73329B669E100E46374 /* DictView.swift */; };
		4E7CD73629B669EB00E46374 /* HomeView.swift in Sources */ = {isa = PBXBuildFile; fileRef = 4E7CD73529B669EB00E46374 /* HomeView.swift */; };
		4E7CD73829B669F900E46374 /* ProjectsView.swift in Sources */ = {isa = PBXBuildFile; fileRef = 4E7CD73729B669F900E46374 /* ProjectsView.swift */; };
		4E7CD73B29B66A4700E46374 /* EditItemView.swift in Sources */ = {isa = PBXBuildFile; fileRef = 4E7CD73A29B66A4700E46374 /* EditItemView.swift */; };
		4E7CD73D29B66A6F00E46374 /* EditProjectView.swift in Sources */ = {isa = PBXBuildFile; fileRef = 4E7CD73C29B66A6F00E46374 /* EditProjectView.swift */; };
		4E7CD73F29B66A9200E46374 /* ItemRowView.swift in Sources */ = {isa = PBXBuildFile; fileRef = 4E7CD73E29B66A9200E46374 /* ItemRowView.swift */; };
		4E7CD74129B66AB000E46374 /* ProjectHeaderView.swift in Sources */ = {isa = PBXBuildFile; fileRef = 4E7CD74029B66AB000E46374 /* ProjectHeaderView.swift */; };
		4E7CD74529B66B3F00E46374 /* DataController.swift in Sources */ = {isa = PBXBuildFile; fileRef = 4E7CD74429B66B3F00E46374 /* DataController.swift */; };
		4E7CD74829B66B5B00E46374 /* Main.xcdatamodeld in Sources */ = {isa = PBXBuildFile; fileRef = 4E7CD74629B66B5B00E46374 /* Main.xcdatamodeld */; };
		4E7CD74B29B66BBB00E46374 /* Binding-OnChange.swift in Sources */ = {isa = PBXBuildFile; fileRef = 4E7CD74A29B66BBB00E46374 /* Binding-OnChange.swift */; };
		4E7CD74D29B66BD000E46374 /* Sequence-Sorting.swift in Sources */ = {isa = PBXBuildFile; fileRef = 4E7CD74C29B66BD000E46374 /* Sequence-Sorting.swift */; };
		4E7CD74F29B66BE300E46374 /* Enums.swift in Sources */ = {isa = PBXBuildFile; fileRef = 4E7CD74E29B66BE300E46374 /* Enums.swift */; };
		4E7CD75229B66C1B00E46374 /* Item-CoreDataHelpers.swift in Sources */ = {isa = PBXBuildFile; fileRef = 4E7CD75129B66C1B00E46374 /* Item-CoreDataHelpers.swift */; };
		4E7CD75429B66C2D00E46374 /* Project-CoreDataHelpers.swift in Sources */ = {isa = PBXBuildFile; fileRef = 4E7CD75329B66C2D00E46374 /* Project-CoreDataHelpers.swift */; };
		4E7CD75729B66C5C00E46374 /* JMDictData.swift in Sources */ = {isa = PBXBuildFile; fileRef = 4E7CD75629B66C5C00E46374 /* JMDictData.swift */; };
		4E7CD75929B66C8200E46374 /* JMDictModel.swift in Sources */ = {isa = PBXBuildFile; fileRef = 4E7CD75829B66C8200E46374 /* JMDictModel.swift */; };
		4E7CD76129B66DC000E46374 /* Colors.xcassets in Resources */ = {isa = PBXBuildFile; fileRef = 4E7CD76029B66DC000E46374 /* Colors.xcassets */; };
		E55776832ABE02CB00BDDD62 /* C1ProjectsView.swift in Sources */ = {isa = PBXBuildFile; fileRef = E55776822ABE02CB00BDDD62 /* C1ProjectsView.swift */; };
		E55776862ABE03D700BDDD62 /* C1ProjectsVM.swift in Sources */ = {isa = PBXBuildFile; fileRef = E55776852ABE03D700BDDD62 /* C1ProjectsVM.swift */; };
		E55776882ABE124800BDDD62 /* CircularView.swift in Sources */ = {isa = PBXBuildFile; fileRef = E55776872ABE124800BDDD62 /* CircularView.swift */; };
		E557768B2ABE17FA00BDDD62 /* MainView.swift in Sources */ = {isa = PBXBuildFile; fileRef = E557768A2ABE17FA00BDDD62 /* MainView.swift */; };
/* End PBXBuildFile section */

/* Begin PBXFileReference section */
		4E1599BB29B78EA50020A0C5 /* LICENSE.txt */ = {isa = PBXFileReference; lastKnownFileType = text; path = LICENSE.txt; sourceTree = "<group>"; };
		4E25583A29B22F41001C4C47 /* JMDictionary.app */ = {isa = PBXFileReference; explicitFileType = wrapper.application; includeInIndex = 0; path = JMDictionary.app; sourceTree = BUILT_PRODUCTS_DIR; };
		4E25583D29B22F41001C4C47 /* JMDictionaryApp.swift */ = {isa = PBXFileReference; lastKnownFileType = sourcecode.swift; path = JMDictionaryApp.swift; sourceTree = "<group>"; };
		4E25583F29B22F41001C4C47 /* ContentView.swift */ = {isa = PBXFileReference; lastKnownFileType = sourcecode.swift; path = ContentView.swift; sourceTree = "<group>"; };
		4E25584129B22F43001C4C47 /* Assets.xcassets */ = {isa = PBXFileReference; lastKnownFileType = folder.assetcatalog; path = Assets.xcassets; sourceTree = "<group>"; };
		4E25584429B22F43001C4C47 /* Preview Assets.xcassets */ = {isa = PBXFileReference; lastKnownFileType = folder.assetcatalog; path = "Preview Assets.xcassets"; sourceTree = "<group>"; };
		4E7C507B2A5486D400B24E80 /* en */ = {isa = PBXFileReference; lastKnownFileType = text.plist.strings; name = en; path = en.lproj/Localizable.strings; sourceTree = "<group>"; };
		4E7C507D2A5486DA00B24E80 /* ru */ = {isa = PBXFileReference; lastKnownFileType = text.plist.strings; name = ru; path = ru.lproj/Localizable.strings; sourceTree = "<group>"; };
		4E7C50802A548A6400B24E80 /* AwardsView.swift */ = {isa = PBXFileReference; lastKnownFileType = sourcecode.swift; path = AwardsView.swift; sourceTree = "<group>"; };
		4E7C50832A548A8400B24E80 /* Award.swift */ = {isa = PBXFileReference; lastKnownFileType = sourcecode.swift; path = Award.swift; sourceTree = "<group>"; };
		4E7C50852A548E2600B24E80 /* Localizable.stringsdict */ = {isa = PBXFileReference; lastKnownFileType = text.plist.stringsdict; path = Localizable.stringsdict; sourceTree = "<group>"; };
		4E7C508A2A54909E00B24E80 /* en */ = {isa = PBXFileReference; lastKnownFileType = text.json; name = en; path = en.lproj/Awards.json; sourceTree = "<group>"; };
		4E7C508C2A5490A000B24E80 /* ru */ = {isa = PBXFileReference; lastKnownFileType = text.json; name = ru; path = ru.lproj/Awards.json; sourceTree = "<group>"; };
		4E7C508D2A54924B00B24E80 /* Bundle-Decodable.swift */ = {isa = PBXFileReference; lastKnownFileType = sourcecode.swift; path = "Bundle-Decodable.swift"; sourceTree = "<group>"; };
		4E7C508F2A54969500B24E80 /* BlurView.swift */ = {isa = PBXFileReference; lastKnownFileType = sourcecode.swift; path = BlurView.swift; sourceTree = "<group>"; };
		4E7CD73329B669E100E46374 /* DictView.swift */ = {isa = PBXFileReference; lastKnownFileType = sourcecode.swift; path = DictView.swift; sourceTree = "<group>"; };
		4E7CD73529B669EB00E46374 /* HomeView.swift */ = {isa = PBXFileReference; lastKnownFileType = sourcecode.swift; path = HomeView.swift; sourceTree = "<group>"; };
		4E7CD73729B669F900E46374 /* ProjectsView.swift */ = {isa = PBXFileReference; lastKnownFileType = sourcecode.swift; path = ProjectsView.swift; sourceTree = "<group>"; };
		4E7CD73A29B66A4700E46374 /* EditItemView.swift */ = {isa = PBXFileReference; lastKnownFileType = sourcecode.swift; path = EditItemView.swift; sourceTree = "<group>"; };
		4E7CD73C29B66A6F00E46374 /* EditProjectView.swift */ = {isa = PBXFileReference; lastKnownFileType = sourcecode.swift; path = EditProjectView.swift; sourceTree = "<group>"; };
		4E7CD73E29B66A9200E46374 /* ItemRowView.swift */ = {isa = PBXFileReference; lastKnownFileType = sourcecode.swift; path = ItemRowView.swift; sourceTree = "<group>"; };
		4E7CD74029B66AB000E46374 /* ProjectHeaderView.swift */ = {isa = PBXFileReference; lastKnownFileType = sourcecode.swift; path = ProjectHeaderView.swift; sourceTree = "<group>"; };
		4E7CD74429B66B3F00E46374 /* DataController.swift */ = {isa = PBXFileReference; lastKnownFileType = sourcecode.swift; path = DataController.swift; sourceTree = "<group>"; };
		4E7CD74729B66B5B00E46374 /* Main.xcdatamodel */ = {isa = PBXFileReference; lastKnownFileType = wrapper.xcdatamodel; path = Main.xcdatamodel; sourceTree = "<group>"; };
		4E7CD74A29B66BBB00E46374 /* Binding-OnChange.swift */ = {isa = PBXFileReference; lastKnownFileType = sourcecode.swift; path = "Binding-OnChange.swift"; sourceTree = "<group>"; };
		4E7CD74C29B66BD000E46374 /* Sequence-Sorting.swift */ = {isa = PBXFileReference; lastKnownFileType = sourcecode.swift; path = "Sequence-Sorting.swift"; sourceTree = "<group>"; };
		4E7CD74E29B66BE300E46374 /* Enums.swift */ = {isa = PBXFileReference; lastKnownFileType = sourcecode.swift; path = Enums.swift; sourceTree = "<group>"; };
		4E7CD75129B66C1B00E46374 /* Item-CoreDataHelpers.swift */ = {isa = PBXFileReference; lastKnownFileType = sourcecode.swift; path = "Item-CoreDataHelpers.swift"; sourceTree = "<group>"; };
		4E7CD75329B66C2D00E46374 /* Project-CoreDataHelpers.swift */ = {isa = PBXFileReference; lastKnownFileType = sourcecode.swift; path = "Project-CoreDataHelpers.swift"; sourceTree = "<group>"; };
		4E7CD75629B66C5C00E46374 /* JMDictData.swift */ = {isa = PBXFileReference; lastKnownFileType = sourcecode.swift; path = JMDictData.swift; sourceTree = "<group>"; };
		4E7CD75829B66C8200E46374 /* JMDictModel.swift */ = {isa = PBXFileReference; lastKnownFileType = sourcecode.swift; path = JMDictModel.swift; sourceTree = "<group>"; };
		4E7CD76029B66DC000E46374 /* Colors.xcassets */ = {isa = PBXFileReference; lastKnownFileType = folder.assetcatalog; path = Colors.xcassets; sourceTree = "<group>"; };
		E55776822ABE02CB00BDDD62 /* C1ProjectsView.swift */ = {isa = PBXFileReference; lastKnownFileType = sourcecode.swift; path = C1ProjectsView.swift; sourceTree = "<group>"; };
		E55776852ABE03D700BDDD62 /* C1ProjectsVM.swift */ = {isa = PBXFileReference; lastKnownFileType = sourcecode.swift; path = C1ProjectsVM.swift; sourceTree = "<group>"; };
		E55776872ABE124800BDDD62 /* CircularView.swift */ = {isa = PBXFileReference; lastKnownFileType = sourcecode.swift; path = CircularView.swift; sourceTree = "<group>"; };
		E557768A2ABE17FA00BDDD62 /* MainView.swift */ = {isa = PBXFileReference; lastKnownFileType = sourcecode.swift; path = MainView.swift; sourceTree = "<group>"; };
/* End PBXFileReference section */

/* Begin PBXFrameworksBuildPhase section */
		4E25583729B22F41001C4C47 /* Frameworks */ = {
			isa = PBXFrameworksBuildPhase;
			buildActionMask = 2147483647;
			files = (
			);
			runOnlyForDeploymentPostprocessing = 0;
		};
/* End PBXFrameworksBuildPhase section */

/* Begin PBXGroup section */
		4E25583129B22F41001C4C47 = {
			isa = PBXGroup;
			children = (
				4E25583C29B22F41001C4C47 /* JMDictionary */,
				4E25583B29B22F41001C4C47 /* Products */,
			);
			sourceTree = "<group>";
		};
		4E25583B29B22F41001C4C47 /* Products */ = {
			isa = PBXGroup;
			children = (
				4E25583A29B22F41001C4C47 /* JMDictionary.app */,
			);
			name = Products;
			sourceTree = "<group>";
		};
		4E25583C29B22F41001C4C47 /* JMDictionary */ = {
			isa = PBXGroup;
			children = (
				4E1599BB29B78EA50020A0C5 /* LICENSE.txt */,
				4E25583D29B22F41001C4C47 /* JMDictionaryApp.swift */,
				4E7CD73929B66A2000E46374 /* Views */,
				4E7CD74229B66B2500E46374 /* Data */,
				4E25584129B22F43001C4C47 /* Assets.xcassets */,
				4E7CD76029B66DC000E46374 /* Colors.xcassets */,
				4E25584329B22F43001C4C47 /* Preview Content */,
			);
			path = JMDictionary;
			sourceTree = "<group>";
		};
		4E25584329B22F43001C4C47 /* Preview Content */ = {
			isa = PBXGroup;
			children = (
				4E25584429B22F43001C4C47 /* Preview Assets.xcassets */,
			);
			path = "Preview Content";
			sourceTree = "<group>";
		};
		4E7C50792A5486A700B24E80 /* Localization */ = {
			isa = PBXGroup;
			children = (
				4E7C507C2A5486D400B24E80 /* Localizable.strings */,
				4E7C50852A548E2600B24E80 /* Localizable.stringsdict */,
			);
			path = Localization;
			sourceTree = "<group>";
		};
		4E7C50822A548A7600B24E80 /* Awards */ = {
			isa = PBXGroup;
			children = (
				4E7C50832A548A8400B24E80 /* Award.swift */,
				4E7C508B2A54909E00B24E80 /* Awards.json */,
			);
			path = Awards;
			sourceTree = "<group>";
		};
		4E7CD73029B669A600E46374 /* Main Views */ = {
			isa = PBXGroup;
			children = (
				E55776892ABE17EF00BDDD62 /* Main */,
				4E25583F29B22F41001C4C47 /* ContentView.swift */,
				4E7CD73329B669E100E46374 /* DictView.swift */,
				4E7CD73529B669EB00E46374 /* HomeView.swift */,
				4E7CD73729B669F900E46374 /* ProjectsView.swift */,
				E55776842ABE03BF00BDDD62 /* Projects */,
				4E7C50802A548A6400B24E80 /* AwardsView.swift */,
			);
			path = "Main Views";
			sourceTree = "<group>";
		};
		4E7CD73129B669B900E46374 /* Edit Views */ = {
			isa = PBXGroup;
			children = (
				4E7CD73A29B66A4700E46374 /* EditItemView.swift */,
				4E7CD73C29B66A6F00E46374 /* EditProjectView.swift */,
			);
			path = "Edit Views";
			sourceTree = "<group>";
		};
		4E7CD73229B669C600E46374 /* Elements */ = {
			isa = PBXGroup;
			children = (
				4E7CD73E29B66A9200E46374 /* ItemRowView.swift */,
				4E7CD74029B66AB000E46374 /* ProjectHeaderView.swift */,
				E55776872ABE124800BDDD62 /* CircularView.swift */,
			);
			path = Elements;
			sourceTree = "<group>";
		};
		4E7CD73929B66A2000E46374 /* Views */ = {
			isa = PBXGroup;
			children = (
				4E7CD73029B669A600E46374 /* Main Views */,
				4E7CD73129B669B900E46374 /* Edit Views */,
				4E7CD73229B669C600E46374 /* Elements */,
			);
			path = Views;
			sourceTree = "<group>";
		};
		4E7CD74229B66B2500E46374 /* Data */ = {
			isa = PBXGroup;
			children = (
				4E7C50792A5486A700B24E80 /* Localization */,
				4E7CD74329B66B3000E46374 /* Core */,
				4E7CD74929B66B9C00E46374 /* Extensions */,
				4E7CD75029B66BFB00E46374 /* Helpers */,
				4E7CD75529B66C3800E46374 /* JMDict */,
				4E7C50822A548A7600B24E80 /* Awards */,
			);
			path = Data;
			sourceTree = "<group>";
		};
		4E7CD74329B66B3000E46374 /* Core */ = {
			isa = PBXGroup;
			children = (
				4E7CD74429B66B3F00E46374 /* DataController.swift */,
				4E7CD74629B66B5B00E46374 /* Main.xcdatamodeld */,
			);
			path = Core;
			sourceTree = "<group>";
		};
		4E7CD74929B66B9C00E46374 /* Extensions */ = {
			isa = PBXGroup;
			children = (
				4E7CD74A29B66BBB00E46374 /* Binding-OnChange.swift */,
				4E7CD74C29B66BD000E46374 /* Sequence-Sorting.swift */,
				4E7CD74E29B66BE300E46374 /* Enums.swift */,
				4E7C508D2A54924B00B24E80 /* Bundle-Decodable.swift */,
			);
			path = Extensions;
			sourceTree = "<group>";
		};
		4E7CD75029B66BFB00E46374 /* Helpers */ = {
			isa = PBXGroup;
			children = (
				4E7CD75129B66C1B00E46374 /* Item-CoreDataHelpers.swift */,
				4E7CD75329B66C2D00E46374 /* Project-CoreDataHelpers.swift */,
				4E7C508F2A54969500B24E80 /* BlurView.swift */,
			);
			path = Helpers;
			sourceTree = "<group>";
		};
		4E7CD75529B66C3800E46374 /* JMDict */ = {
			isa = PBXGroup;
			children = (
				4E7CD75A29B66C8C00E46374 /* model */,
			);
			path = JMDict;
			sourceTree = "<group>";
		};
		4E7CD75A29B66C8C00E46374 /* model */ = {
			isa = PBXGroup;
			children = (
				4E7CD75629B66C5C00E46374 /* JMDictData.swift */,
				4E7CD75829B66C8200E46374 /* JMDictModel.swift */,
			);
			path = model;
			sourceTree = "<group>";
		};
		E55776842ABE03BF00BDDD62 /* Projects */ = {
			isa = PBXGroup;
			children = (
				E55776822ABE02CB00BDDD62 /* C1ProjectsView.swift */,
				E55776852ABE03D700BDDD62 /* C1ProjectsVM.swift */,
			);
			path = Projects;
			sourceTree = "<group>";
		};
		E55776892ABE17EF00BDDD62 /* Main */ = {
			isa = PBXGroup;
			children = (
				E557768A2ABE17FA00BDDD62 /* MainView.swift */,
			);
			path = Main;
			sourceTree = "<group>";
		};
/* End PBXGroup section */

/* Begin PBXNativeTarget section */
		4E25583929B22F41001C4C47 /* JMDictionary */ = {
			isa = PBXNativeTarget;
			buildConfigurationList = 4E25584829B22F43001C4C47 /* Build configuration list for PBXNativeTarget "JMDictionary" */;
			buildPhases = (
				4E25583629B22F41001C4C47 /* Sources */,
				4E25583729B22F41001C4C47 /* Frameworks */,
				4E25583829B22F41001C4C47 /* Resources */,
				E584D0EA2AB999A000407380 /* ShellScript */,
			);
			buildRules = (
			);
			dependencies = (
			);
			name = JMDictionary;
			productName = JMDictionary;
			productReference = 4E25583A29B22F41001C4C47 /* JMDictionary.app */;
			productType = "com.apple.product-type.application";
		};
/* End PBXNativeTarget section */

/* Begin PBXProject section */
		4E25583229B22F41001C4C47 /* Project object */ = {
			isa = PBXProject;
			attributes = {
				BuildIndependentTargetsInParallel = 1;
				LastSwiftUpdateCheck = 1410;
				LastUpgradeCheck = 1430;
				TargetAttributes = {
					4E25583929B22F41001C4C47 = {
						CreatedOnToolsVersion = 14.1;
					};
				};
			};
			buildConfigurationList = 4E25583529B22F41001C4C47 /* Build configuration list for PBXProject "JMDictionary" */;
			compatibilityVersion = "Xcode 14.0";
			developmentRegion = en;
			hasScannedForEncodings = 0;
			knownRegions = (
				en,
				Base,
				ru,
			);
			mainGroup = 4E25583129B22F41001C4C47;
			productRefGroup = 4E25583B29B22F41001C4C47 /* Products */;
			projectDirPath = "";
			projectRoot = "";
			targets = (
				4E25583929B22F41001C4C47 /* JMDictionary */,
			);
		};
/* End PBXProject section */

/* Begin PBXResourcesBuildPhase section */
		4E25583829B22F41001C4C47 /* Resources */ = {
			isa = PBXResourcesBuildPhase;
			buildActionMask = 2147483647;
			files = (
				4E7C507A2A5486D400B24E80 /* Localizable.strings in Resources */,
				4E7C50892A54909E00B24E80 /* Awards.json in Resources */,
				4E1599BC29B78EA50020A0C5 /* LICENSE.txt in Resources */,
				4E7CD76129B66DC000E46374 /* Colors.xcassets in Resources */,
				4E25584529B22F43001C4C47 /* Preview Assets.xcassets in Resources */,
				4E25584229B22F43001C4C47 /* Assets.xcassets in Resources */,
				4E7C50862A548E2600B24E80 /* Localizable.stringsdict in Resources */,
			);
			runOnlyForDeploymentPostprocessing = 0;
		};
/* End PBXResourcesBuildPhase section */

/* Begin PBXShellScriptBuildPhase section */
		E584D0EA2AB999A000407380 /* ShellScript */ = {
			isa = PBXShellScriptBuildPhase;
			buildActionMask = 2147483647;
			files = (
			);
			inputFileListPaths = (
			);
			inputPaths = (
			);
			outputFileListPaths = (
			);
			outputPaths = (
			);
			runOnlyForDeploymentPostprocessing = 0;
			shellPath = /bin/sh;
			shellScript = "if [[ \"$(uname -m)\" == arm64 ]]; then\n    export PATH=\"/opt/homebrew/bin:$PATH\"\nfi\n\nif which swiftlint > /dev/null; then\n  swiftlint --fix\n  swiftlint\nelse\n  echo \"warning: SwiftLint not installed, download from https://github.com/realm/SwiftLint\"\nfi\n";
		};
/* End PBXShellScriptBuildPhase section */

/* Begin PBXSourcesBuildPhase section */
		4E25583629B22F41001C4C47 /* Sources */ = {
			isa = PBXSourcesBuildPhase;
			buildActionMask = 2147483647;
			files = (
				4E7CD75729B66C5C00E46374 /* JMDictData.swift in Sources */,
				4E7C50842A548A8400B24E80 /* Award.swift in Sources */,
				4E7CD73D29B66A6F00E46374 /* EditProjectView.swift in Sources */,
				4E7CD75929B66C8200E46374 /* JMDictModel.swift in Sources */,
				4E7CD74129B66AB000E46374 /* ProjectHeaderView.swift in Sources */,
				4E7C508E2A54924B00B24E80 /* Bundle-Decodable.swift in Sources */,
				4E7CD75429B66C2D00E46374 /* Project-CoreDataHelpers.swift in Sources */,
				4E7C50812A548A6400B24E80 /* AwardsView.swift in Sources */,
				4E7CD73829B669F900E46374 /* ProjectsView.swift in Sources */,
				4E25584029B22F41001C4C47 /* ContentView.swift in Sources */,
				4E7CD74F29B66BE300E46374 /* Enums.swift in Sources */,
				4E7CD74B29B66BBB00E46374 /* Binding-OnChange.swift in Sources */,
				4E7CD73629B669EB00E46374 /* HomeView.swift in Sources */,
				4E7CD74529B66B3F00E46374 /* DataController.swift in Sources */,
				E55776862ABE03D700BDDD62 /* C1ProjectsVM.swift in Sources */,
				E557768B2ABE17FA00BDDD62 /* MainView.swift in Sources */,
				4E25583E29B22F41001C4C47 /* JMDictionaryApp.swift in Sources */,
				4E7C50902A54969500B24E80 /* BlurView.swift in Sources */,
				4E7CD73429B669E100E46374 /* DictView.swift in Sources */,
				4E7CD74D29B66BD000E46374 /* Sequence-Sorting.swift in Sources */,
				4E7CD75229B66C1B00E46374 /* Item-CoreDataHelpers.swift in Sources */,
				E55776882ABE124800BDDD62 /* CircularView.swift in Sources */,
				E55776832ABE02CB00BDDD62 /* C1ProjectsView.swift in Sources */,
				4E7CD73F29B66A9200E46374 /* ItemRowView.swift in Sources */,
				4E7CD74829B66B5B00E46374 /* Main.xcdatamodeld in Sources */,
				4E7CD73B29B66A4700E46374 /* EditItemView.swift in Sources */,
			);
			runOnlyForDeploymentPostprocessing = 0;
		};
/* End PBXSourcesBuildPhase section */

/* Begin PBXVariantGroup section */
		4E7C507C2A5486D400B24E80 /* Localizable.strings */ = {
			isa = PBXVariantGroup;
			children = (
				4E7C507B2A5486D400B24E80 /* en */,
				4E7C507D2A5486DA00B24E80 /* ru */,
			);
			name = Localizable.strings;
			sourceTree = "<group>";
		};
		4E7C508B2A54909E00B24E80 /* Awards.json */ = {
			isa = PBXVariantGroup;
			children = (
				4E7C508A2A54909E00B24E80 /* en */,
				4E7C508C2A5490A000B24E80 /* ru */,
			);
			name = Awards.json;
			sourceTree = "<group>";
		};
/* End PBXVariantGroup section */

/* Begin XCBuildConfiguration section */
		4E25584629B22F43001C4C47 /* Debug */ = {
			isa = XCBuildConfiguration;
			buildSettings = {
				ALWAYS_SEARCH_USER_PATHS = NO;
				CLANG_ANALYZER_LOCALIZABILITY_NONLOCALIZED = YES;
				CLANG_ANALYZER_NONNULL = YES;
				CLANG_ANALYZER_NUMBER_OBJECT_CONVERSION = YES_AGGRESSIVE;
				CLANG_CXX_LANGUAGE_STANDARD = "gnu++20";
				CLANG_ENABLE_MODULES = YES;
				CLANG_ENABLE_OBJC_ARC = YES;
				CLANG_ENABLE_OBJC_WEAK = YES;
				CLANG_WARN_BLOCK_CAPTURE_AUTORELEASING = YES;
				CLANG_WARN_BOOL_CONVERSION = YES;
				CLANG_WARN_COMMA = YES;
				CLANG_WARN_CONSTANT_CONVERSION = YES;
				CLANG_WARN_DEPRECATED_OBJC_IMPLEMENTATIONS = YES;
				CLANG_WARN_DIRECT_OBJC_ISA_USAGE = YES_ERROR;
				CLANG_WARN_DOCUMENTATION_COMMENTS = YES;
				CLANG_WARN_EMPTY_BODY = YES;
				CLANG_WARN_ENUM_CONVERSION = YES;
				CLANG_WARN_INFINITE_RECURSION = YES;
				CLANG_WARN_INT_CONVERSION = YES;
				CLANG_WARN_NON_LITERAL_NULL_CONVERSION = YES;
				CLANG_WARN_OBJC_IMPLICIT_RETAIN_SELF = YES;
				CLANG_WARN_OBJC_LITERAL_CONVERSION = YES;
				CLANG_WARN_OBJC_ROOT_CLASS = YES_ERROR;
				CLANG_WARN_QUOTED_INCLUDE_IN_FRAMEWORK_HEADER = YES;
				CLANG_WARN_RANGE_LOOP_ANALYSIS = YES;
				CLANG_WARN_STRICT_PROTOTYPES = YES;
				CLANG_WARN_SUSPICIOUS_MOVE = YES;
				CLANG_WARN_UNGUARDED_AVAILABILITY = YES_AGGRESSIVE;
				CLANG_WARN_UNREACHABLE_CODE = YES;
				CLANG_WARN__DUPLICATE_METHOD_MATCH = YES;
				COPY_PHASE_STRIP = NO;
				DEBUG_INFORMATION_FORMAT = dwarf;
				ENABLE_STRICT_OBJC_MSGSEND = YES;
				ENABLE_TESTABILITY = YES;
				GCC_C_LANGUAGE_STANDARD = gnu11;
				GCC_DYNAMIC_NO_PIC = NO;
				GCC_NO_COMMON_BLOCKS = YES;
				GCC_OPTIMIZATION_LEVEL = 0;
				GCC_PREPROCESSOR_DEFINITIONS = (
					"DEBUG=1",
					"$(inherited)",
				);
				GCC_WARN_64_TO_32_BIT_CONVERSION = YES;
				GCC_WARN_ABOUT_RETURN_TYPE = YES_ERROR;
				GCC_WARN_UNDECLARED_SELECTOR = YES;
				GCC_WARN_UNINITIALIZED_AUTOS = YES_AGGRESSIVE;
				GCC_WARN_UNUSED_FUNCTION = YES;
				GCC_WARN_UNUSED_VARIABLE = YES;
				IPHONEOS_DEPLOYMENT_TARGET = 16.1;
				MTL_ENABLE_DEBUG_INFO = INCLUDE_SOURCE;
				MTL_FAST_MATH = YES;
				ONLY_ACTIVE_ARCH = YES;
				SDKROOT = iphoneos;
				SWIFT_ACTIVE_COMPILATION_CONDITIONS = DEBUG;
				SWIFT_OPTIMIZATION_LEVEL = "-Onone";
			};
			name = Debug;
		};
		4E25584729B22F43001C4C47 /* Release */ = {
			isa = XCBuildConfiguration;
			buildSettings = {
				ALWAYS_SEARCH_USER_PATHS = NO;
				CLANG_ANALYZER_LOCALIZABILITY_NONLOCALIZED = YES;
				CLANG_ANALYZER_NONNULL = YES;
				CLANG_ANALYZER_NUMBER_OBJECT_CONVERSION = YES_AGGRESSIVE;
				CLANG_CXX_LANGUAGE_STANDARD = "gnu++20";
				CLANG_ENABLE_MODULES = YES;
				CLANG_ENABLE_OBJC_ARC = YES;
				CLANG_ENABLE_OBJC_WEAK = YES;
				CLANG_WARN_BLOCK_CAPTURE_AUTORELEASING = YES;
				CLANG_WARN_BOOL_CONVERSION = YES;
				CLANG_WARN_COMMA = YES;
				CLANG_WARN_CONSTANT_CONVERSION = YES;
				CLANG_WARN_DEPRECATED_OBJC_IMPLEMENTATIONS = YES;
				CLANG_WARN_DIRECT_OBJC_ISA_USAGE = YES_ERROR;
				CLANG_WARN_DOCUMENTATION_COMMENTS = YES;
				CLANG_WARN_EMPTY_BODY = YES;
				CLANG_WARN_ENUM_CONVERSION = YES;
				CLANG_WARN_INFINITE_RECURSION = YES;
				CLANG_WARN_INT_CONVERSION = YES;
				CLANG_WARN_NON_LITERAL_NULL_CONVERSION = YES;
				CLANG_WARN_OBJC_IMPLICIT_RETAIN_SELF = YES;
				CLANG_WARN_OBJC_LITERAL_CONVERSION = YES;
				CLANG_WARN_OBJC_ROOT_CLASS = YES_ERROR;
				CLANG_WARN_QUOTED_INCLUDE_IN_FRAMEWORK_HEADER = YES;
				CLANG_WARN_RANGE_LOOP_ANALYSIS = YES;
				CLANG_WARN_STRICT_PROTOTYPES = YES;
				CLANG_WARN_SUSPICIOUS_MOVE = YES;
				CLANG_WARN_UNGUARDED_AVAILABILITY = YES_AGGRESSIVE;
				CLANG_WARN_UNREACHABLE_CODE = YES;
				CLANG_WARN__DUPLICATE_METHOD_MATCH = YES;
				COPY_PHASE_STRIP = NO;
				DEBUG_INFORMATION_FORMAT = "dwarf-with-dsym";
				ENABLE_NS_ASSERTIONS = NO;
				ENABLE_STRICT_OBJC_MSGSEND = YES;
				GCC_C_LANGUAGE_STANDARD = gnu11;
				GCC_NO_COMMON_BLOCKS = YES;
				GCC_WARN_64_TO_32_BIT_CONVERSION = YES;
				GCC_WARN_ABOUT_RETURN_TYPE = YES_ERROR;
				GCC_WARN_UNDECLARED_SELECTOR = YES;
				GCC_WARN_UNINITIALIZED_AUTOS = YES_AGGRESSIVE;
				GCC_WARN_UNUSED_FUNCTION = YES;
				GCC_WARN_UNUSED_VARIABLE = YES;
				IPHONEOS_DEPLOYMENT_TARGET = 16.1;
				MTL_ENABLE_DEBUG_INFO = NO;
				MTL_FAST_MATH = YES;
				SDKROOT = iphoneos;
				SWIFT_COMPILATION_MODE = wholemodule;
				SWIFT_OPTIMIZATION_LEVEL = "-O";
				VALIDATE_PRODUCT = YES;
			};
			name = Release;
		};
		4E25584929B22F43001C4C47 /* Debug */ = {
			isa = XCBuildConfiguration;
			buildSettings = {
				ASSETCATALOG_COMPILER_APPICON_NAME = AppIcon;
				ASSETCATALOG_COMPILER_GLOBAL_ACCENT_COLOR_NAME = AccentColor;
				CODE_SIGN_STYLE = Automatic;
				CURRENT_PROJECT_VERSION = 1;
				DEVELOPMENT_ASSET_PATHS = "\"JMDictionary/Preview Content\"";
				DEVELOPMENT_TEAM = 5PVHGUKPAW;
				ENABLE_PREVIEWS = YES;
				GENERATE_INFOPLIST_FILE = YES;
				INFOPLIST_KEY_LSApplicationCategoryType = "public.app-category.education";
				INFOPLIST_KEY_UIApplicationSceneManifest_Generation = YES;
				INFOPLIST_KEY_UIApplicationSupportsIndirectInputEvents = YES;
				INFOPLIST_KEY_UILaunchScreen_Generation = YES;
				INFOPLIST_KEY_UISupportedInterfaceOrientations_iPad = "UIInterfaceOrientationPortrait UIInterfaceOrientationPortraitUpsideDown UIInterfaceOrientationLandscapeLeft UIInterfaceOrientationLandscapeRight";
				INFOPLIST_KEY_UISupportedInterfaceOrientations_iPhone = "UIInterfaceOrientationPortrait UIInterfaceOrientationLandscapeLeft UIInterfaceOrientationLandscapeRight";
				IPHONEOS_DEPLOYMENT_TARGET = 16.0;
				LD_RUNPATH_SEARCH_PATHS = (
					"$(inherited)",
					"@executable_path/Frameworks",
				);
				MARKETING_VERSION = 2;
				PRODUCT_BUNDLE_IDENTIFIER = com.CodingKovs.JMDictionary;
				PRODUCT_NAME = "$(TARGET_NAME)";
				SWIFT_EMIT_LOC_STRINGS = YES;
				SWIFT_VERSION = 5.0;
				TARGETED_DEVICE_FAMILY = "1,2";
			};
			name = Debug;
		};
		4E25584A29B22F43001C4C47 /* Release */ = {
			isa = XCBuildConfiguration;
			buildSettings = {
				ASSETCATALOG_COMPILER_APPICON_NAME = AppIcon;
				ASSETCATALOG_COMPILER_GLOBAL_ACCENT_COLOR_NAME = AccentColor;
				CODE_SIGN_STYLE = Automatic;
				CURRENT_PROJECT_VERSION = 1;
				DEVELOPMENT_ASSET_PATHS = "\"JMDictionary/Preview Content\"";
				DEVELOPMENT_TEAM = 5PVHGUKPAW;
				ENABLE_PREVIEWS = YES;
				GENERATE_INFOPLIST_FILE = YES;
				INFOPLIST_KEY_LSApplicationCategoryType = "public.app-category.education";
				INFOPLIST_KEY_UIApplicationSceneManifest_Generation = YES;
				INFOPLIST_KEY_UIApplicationSupportsIndirectInputEvents = YES;
				INFOPLIST_KEY_UILaunchScreen_Generation = YES;
				INFOPLIST_KEY_UISupportedInterfaceOrientations_iPad = "UIInterfaceOrientationPortrait UIInterfaceOrientationPortraitUpsideDown UIInterfaceOrientationLandscapeLeft UIInterfaceOrientationLandscapeRight";
				INFOPLIST_KEY_UISupportedInterfaceOrientations_iPhone = "UIInterfaceOrientationPortrait UIInterfaceOrientationLandscapeLeft UIInterfaceOrientationLandscapeRight";
				IPHONEOS_DEPLOYMENT_TARGET = 16.0;
				LD_RUNPATH_SEARCH_PATHS = (
					"$(inherited)",
					"@executable_path/Frameworks",
				);
				MARKETING_VERSION = 2;
				PRODUCT_BUNDLE_IDENTIFIER = com.CodingKovs.JMDictionary;
				PRODUCT_NAME = "$(TARGET_NAME)";
				SWIFT_EMIT_LOC_STRINGS = YES;
				SWIFT_VERSION = 5.0;
				TARGETED_DEVICE_FAMILY = "1,2";
			};
			name = Release;
		};
/* End XCBuildConfiguration section */

/* Begin XCConfigurationList section */
		4E25583529B22F41001C4C47 /* Build configuration list for PBXProject "JMDictionary" */ = {
			isa = XCConfigurationList;
			buildConfigurations = (
				4E25584629B22F43001C4C47 /* Debug */,
				4E25584729B22F43001C4C47 /* Release */,
			);
			defaultConfigurationIsVisible = 0;
			defaultConfigurationName = Release;
		};
		4E25584829B22F43001C4C47 /* Build configuration list for PBXNativeTarget "JMDictionary" */ = {
			isa = XCConfigurationList;
			buildConfigurations = (
				4E25584929B22F43001C4C47 /* Debug */,
				4E25584A29B22F43001C4C47 /* Release */,
			);
			defaultConfigurationIsVisible = 0;
			defaultConfigurationName = Release;
		};
/* End XCConfigurationList section */

/* Begin XCVersionGroup section */
		4E7CD74629B66B5B00E46374 /* Main.xcdatamodeld */ = {
			isa = XCVersionGroup;
			children = (
				4E7CD74729B66B5B00E46374 /* Main.xcdatamodel */,
			);
			currentVersion = 4E7CD74729B66B5B00E46374 /* Main.xcdatamodel */;
			path = Main.xcdatamodeld;
			sourceTree = "<group>";
			versionGroupType = wrapper.xcdatamodel;
		};
/* End XCVersionGroup section */
	};
	rootObject = 4E25583229B22F41001C4C47 /* Project object */;
}
